
Microsoft Visual Studio Solution File, Format Version 12.00
# Visual Studio Version 16
VisualStudioVersion = 16.0.29021.104
MinimumVisualStudioVersion = 15.0.26124.0
Project("{9A19103F-16F7-4668-BE54-9A1E7A4F7556}") = "dias.tracker.api", "dias.tracker.api\dias.tracker.api.csproj", "{C8F70A62-6C6A-4F59-ACE3-3B003E5D3B53}"
EndProject
Project("{9A19103F-16F7-4668-BE54-9A1E7A4F7556}") = "dias.tracker.web", "dias.tracker.web\dias.tracker.web.csproj", "{4FF210A7-F422-4B7C-B371-B15B4441D7C3}"
EndProject
Project("{FAE04EC0-301F-11D3-BF4B-00C04F79EFBC}") = "dias.tracker.discord", "dias.tracker.discord\dias.tracker.discord.csproj", "{7DB09051-A2FA-4275-B585-E5A8E6D791C0}"
EndProject
Project("{E53339B2-1760-4266-BCC7-CA923CBCF16C}") = "docker-compose", "docker-compose.dcproj", "{09EDB7F8-B38B-4CA7-BA85-56DF462DBAF3}"
EndProject
Global
	GlobalSection(SolutionConfigurationPlatforms) = preSolution
		Debug|Any CPU = Debug|Any CPU
		Debug|x64 = Debug|x64
		Debug|x86 = Debug|x86
		Release|Any CPU = Release|Any CPU
		Release|x64 = Release|x64
		Release|x86 = Release|x86
	EndGlobalSection
	GlobalSection(ProjectConfigurationPlatforms) = postSolution
		{C8F70A62-6C6A-4F59-ACE3-3B003E5D3B53}.Debug|Any CPU.ActiveCfg = Debug|Any CPU
		{C8F70A62-6C6A-4F59-ACE3-3B003E5D3B53}.Debug|Any CPU.Build.0 = Debug|Any CPU
		{C8F70A62-6C6A-4F59-ACE3-3B003E5D3B53}.Debug|x64.ActiveCfg = Debug|Any CPU
		{C8F70A62-6C6A-4F59-ACE3-3B003E5D3B53}.Debug|x64.Build.0 = Debug|Any CPU
		{C8F70A62-6C6A-4F59-ACE3-3B003E5D3B53}.Debug|x86.ActiveCfg = Debug|Any CPU
		{C8F70A62-6C6A-4F59-ACE3-3B003E5D3B53}.Debug|x86.Build.0 = Debug|Any CPU
		{C8F70A62-6C6A-4F59-ACE3-3B003E5D3B53}.Release|Any CPU.ActiveCfg = Release|Any CPU
		{C8F70A62-6C6A-4F59-ACE3-3B003E5D3B53}.Release|Any CPU.Build.0 = Release|Any CPU
		{C8F70A62-6C6A-4F59-ACE3-3B003E5D3B53}.Release|x64.ActiveCfg = Release|Any CPU
		{C8F70A62-6C6A-4F59-ACE3-3B003E5D3B53}.Release|x64.Build.0 = Release|Any CPU
		{C8F70A62-6C6A-4F59-ACE3-3B003E5D3B53}.Release|x86.ActiveCfg = Release|Any CPU
		{C8F70A62-6C6A-4F59-ACE3-3B003E5D3B53}.Release|x86.Build.0 = Release|Any CPU
		{0B462C70-624E-4AC5-8400-042106B1C191}.Debug|Any CPU.ActiveCfg = Debug|Any CPU
		{0B462C70-624E-4AC5-8400-042106B1C191}.Debug|Any CPU.Build.0 = Debug|Any CPU
		{0B462C70-624E-4AC5-8400-042106B1C191}.Debug|x64.ActiveCfg = Debug|Any CPU
		{0B462C70-624E-4AC5-8400-042106B1C191}.Debug|x64.Build.0 = Debug|Any CPU
		{0B462C70-624E-4AC5-8400-042106B1C191}.Debug|x86.ActiveCfg = Debug|Any CPU
		{0B462C70-624E-4AC5-8400-042106B1C191}.Debug|x86.Build.0 = Debug|Any CPU
		{0B462C70-624E-4AC5-8400-042106B1C191}.Release|Any CPU.ActiveCfg = Release|Any CPU
		{0B462C70-624E-4AC5-8400-042106B1C191}.Release|Any CPU.Build.0 = Release|Any CPU
		{0B462C70-624E-4AC5-8400-042106B1C191}.Release|x64.ActiveCfg = Release|Any CPU
		{0B462C70-624E-4AC5-8400-042106B1C191}.Release|x64.Build.0 = Release|Any CPU
		{0B462C70-624E-4AC5-8400-042106B1C191}.Release|x86.ActiveCfg = Release|Any CPU
		{0B462C70-624E-4AC5-8400-042106B1C191}.Release|x86.Build.0 = Release|Any CPU
		{4FF210A7-F422-4B7C-B371-B15B4441D7C3}.Debug|Any CPU.ActiveCfg = Debug|Any CPU
		{4FF210A7-F422-4B7C-B371-B15B4441D7C3}.Debug|Any CPU.Build.0 = Debug|Any CPU
		{4FF210A7-F422-4B7C-B371-B15B4441D7C3}.Debug|x64.ActiveCfg = Debug|Any CPU
		{4FF210A7-F422-4B7C-B371-B15B4441D7C3}.Debug|x64.Build.0 = Debug|Any CPU
		{4FF210A7-F422-4B7C-B371-B15B4441D7C3}.Debug|x86.ActiveCfg = Debug|Any CPU
		{4FF210A7-F422-4B7C-B371-B15B4441D7C3}.Debug|x86.Build.0 = Debug|Any CPU
		{4FF210A7-F422-4B7C-B371-B15B4441D7C3}.Release|Any CPU.ActiveCfg = Release|Any CPU
		{4FF210A7-F422-4B7C-B371-B15B4441D7C3}.Release|Any CPU.Build.0 = Release|Any CPU
		{4FF210A7-F422-4B7C-B371-B15B4441D7C3}.Release|x64.ActiveCfg = Release|Any CPU
		{4FF210A7-F422-4B7C-B371-B15B4441D7C3}.Release|x64.Build.0 = Release|Any CPU
		{4FF210A7-F422-4B7C-B371-B15B4441D7C3}.Release|x86.ActiveCfg = Release|Any CPU
		{4FF210A7-F422-4B7C-B371-B15B4441D7C3}.Release|x86.Build.0 = Release|Any CPU
		{7DB09051-A2FA-4275-B585-E5A8E6D791C0}.Debug|Any CPU.ActiveCfg = Debug|Any CPU
		{7DB09051-A2FA-4275-B585-E5A8E6D791C0}.Debug|Any CPU.Build.0 = Debug|Any CPU
		{7DB09051-A2FA-4275-B585-E5A8E6D791C0}.Debug|x64.ActiveCfg = Debug|Any CPU
		{7DB09051-A2FA-4275-B585-E5A8E6D791C0}.Debug|x64.Build.0 = Debug|Any CPU
		{7DB09051-A2FA-4275-B585-E5A8E6D791C0}.Debug|x86.ActiveCfg = Debug|Any CPU
		{7DB09051-A2FA-4275-B585-E5A8E6D791C0}.Debug|x86.Build.0 = Debug|Any CPU
		{7DB09051-A2FA-4275-B585-E5A8E6D791C0}.Release|Any CPU.ActiveCfg = Release|Any CPU
		{7DB09051-A2FA-4275-B585-E5A8E6D791C0}.Release|Any CPU.Build.0 = Release|Any CPU
		{7DB09051-A2FA-4275-B585-E5A8E6D791C0}.Release|x64.ActiveCfg = Release|Any CPU
		{7DB09051-A2FA-4275-B585-E5A8E6D791C0}.Release|x64.Build.0 = Release|Any CPU
		{7DB09051-A2FA-4275-B585-E5A8E6D791C0}.Release|x86.ActiveCfg = Release|Any CPU
		{7DB09051-A2FA-4275-B585-E5A8E6D791C0}.Release|x86.Build.0 = Release|Any CPU
		{09EDB7F8-B38B-4CA7-BA85-56DF462DBAF3}.Debug|Any CPU.ActiveCfg = Debug|Any CPU
		{09EDB7F8-B38B-4CA7-BA85-56DF462DBAF3}.Debug|Any CPU.Build.0 = Debug|Any CPU
		{09EDB7F8-B38B-4CA7-BA85-56DF462DBAF3}.Debug|x64.ActiveCfg = Debug|Any CPU
		{09EDB7F8-B38B-4CA7-BA85-56DF462DBAF3}.Debug|x64.Build.0 = Debug|Any CPU
		{09EDB7F8-B38B-4CA7-BA85-56DF462DBAF3}.Debug|x86.ActiveCfg = Debug|Any CPU
		{09EDB7F8-B38B-4CA7-BA85-56DF462DBAF3}.Debug|x86.Build.0 = Debug|Any CPU
		{09EDB7F8-B38B-4CA7-BA85-56DF462DBAF3}.Release|Any CPU.ActiveCfg = Release|Any CPU
		{09EDB7F8-B38B-4CA7-BA85-56DF462DBAF3}.Release|Any CPU.Build.0 = Release|Any CPU
		{09EDB7F8-B38B-4CA7-BA85-56DF462DBAF3}.Release|x64.ActiveCfg = Release|Any CPU
		{09EDB7F8-B38B-4CA7-BA85-56DF462DBAF3}.Release|x64.Build.0 = Release|Any CPU
		{09EDB7F8-B38B-4CA7-BA85-56DF462DBAF3}.Release|x86.ActiveCfg = Release|Any CPU
		{09EDB7F8-B38B-4CA7-BA85-56DF462DBAF3}.Release|x86.Build.0 = Release|Any CPU
	EndGlobalSection
	GlobalSection(SolutionProperties) = preSolution
		HideSolutionNode = FALSE
	EndGlobalSection
	GlobalSection(ExtensibilityGlobals) = postSolution
		SolutionGuid = {DDFB701D-07C9-49CE-995E-819BFC7DE2CB}
	EndGlobalSection
EndGlobal
